{
  "name": "cp-ngx-tui-image-editor",
  "version": "0.0.1",
  "lockfileVersion": 1,
  "requires": true,
  "dependencies": {
    "core-js": {
      "version": "2.4.1",
      "resolved": "https://registry.npmjs.org/core-js/-/core-js-2.4.1.tgz",
      "integrity": "sha1-TekR5mew6ukSTjQlS1OupvxhjT4="
    },
    "tui-code-snippet": {
      "version": "1.5.2",
      "resolved": "https://registry.npmjs.org/tui-code-snippet/-/tui-code-snippet-1.5.2.tgz",
      "integrity": "sha512-6UqTlQaaC1KLcmC0HAoq5dtl1G4Fib+R+NC7pmaV7kiIlZ7JqKhUmnOoGRcreAyzd81UTK/vCvhrw9QJskpCFQ=="
    },
    "tui-color-picker": {
      "version": "2.2.6",
      "resolved": "https://registry.npmjs.org/tui-color-picker/-/tui-color-picker-2.2.6.tgz",
      "integrity": "sha512-+GBTUFGOkDaFiyYt/4IJTKA68Oj7fC9lU+RHs56luyFHYSO3gWuvsZntxAvFFeCGiZFFhu9XQQaZ0rVS5TUOmA==",
      "requires": {
        "tui-code-snippet": "^2.2.0"
      },
      "dependencies": {
        "tui-code-snippet": {
          "version": "2.3.2",
          "resolved": "https://registry.npmjs.org/tui-code-snippet/-/tui-code-snippet-2.3.2.tgz",
          "integrity": "sha512-6jGbM/m7A2L59lJSripwMVp87awrWgJXezlLV8GuAha3s0k01E4+MndoU5WlXd4dauVRgzHhKguTVslx/jMehw=="
        }
      }
    },
    "tui-image-editor": {
      "version": "3.5.1",
      "resolved": "https://registry.npmjs.org/tui-image-editor/-/tui-image-editor-3.5.1.tgz",
      "integrity": "sha512-jJA+3b3fxpwQRDbfAzihYSiT6CR4rUtVk2KE0eaCocHNw0hFllIALdbntmcL2sMIfSXlNr1+SXBwA6PkWxabnA==",
      "requires": {
        "core-js": "2.4.1",
        "tui-code-snippet": "^1.5.0",
        "tui-color-picker": "^2.2.0"
      }
    }
  }
}
